
Microsoft Visual Studio Solution File, Format Version 12.00
# Visual Studio Version 17
VisualStudioVersion = 17.5.002.0
MinimumVisualStudioVersion = 10.0.40219.1
Project("{9A19103F-16F7-4668-BE54-9A1E7A4F7556}") = "FlashCardsAI", "FlashCardsAI.csproj", "{5A44F81E-754F-4D62-94DA-4DC3E7EC974D}"
EndProject
Global
	GlobalSection(SolutionConfigurationPlatforms) = preSolution
		Debug|Any CPU = Debug|Any CPU
		Release|Any CPU = Release|Any CPU
	EndGlobalSection
	GlobalSection(ProjectConfigurationPlatforms) = postSolution
		{5A44F81E-754F-4D62-94DA-4DC3E7EC974D}.Debug|Any CPU.ActiveCfg = Debug|Any CPU
		{5A44F81E-754F-4D62-94DA-4DC3E7EC974D}.Debug|Any CPU.Build.0 = Debug|Any CPU
		{5A44F81E-754F-4D62-94DA-4DC3E7EC974D}.Release|Any CPU.ActiveCfg = Release|Any CPU
		{5A44F81E-754F-4D62-94DA-4DC3E7EC974D}.Release|Any CPU.Build.0 = Release|Any CPU
	EndGlobalSection
	GlobalSection(SolutionProperties) = preSolution
		HideSolutionNode = FALSE
	EndGlobalSection
	GlobalSection(ExtensibilityGlobals) = postSolution
		SolutionGuid = {69DA0E80-7A3A-4298-91C7-6639F06658F5}
	EndGlobalSection
EndGlobal
